
Microsoft Visual Studio Solution File, Format Version 12.00
# Visual Studio Version 16
VisualStudioVersion = 16.0.31005.135
MinimumVisualStudioVersion = 10.0.40219.1
Project("{F184B08F-C81C-45F6-A57F-5ABD9991F28F}") = "Calculator", "Calculator\Calculator.vbproj", "{BE48F3AB-1693-4A81-AC51-C4A1B4936218}"
EndProject
Project("{54435603-DBB4-11D2-8724-00A0C9A8B90C}") = "Setup", "Setup\Setup.vdproj", "{5B97F0B2-F15B-4465-BCF9-077BD1D2FB3F}"
EndProject
Global
	GlobalSection(SolutionConfigurationPlatforms) = preSolution
		Debug|Any CPU = Debug|Any CPU
		Release|Any CPU = Release|Any CPU
	EndGlobalSection
	GlobalSection(ProjectConfigurationPlatforms) = postSolution
		{BE48F3AB-1693-4A81-AC51-C4A1B4936218}.Debug|Any CPU.ActiveCfg = Debug|Any CPU
		{BE48F3AB-1693-4A81-AC51-C4A1B4936218}.Debug|Any CPU.Build.0 = Debug|Any CPU
		{BE48F3AB-1693-4A81-AC51-C4A1B4936218}.Release|Any CPU.ActiveCfg = Release|Any CPU
		{BE48F3AB-1693-4A81-AC51-C4A1B4936218}.Release|Any CPU.Build.0 = Release|Any CPU
		{5B97F0B2-F15B-4465-BCF9-077BD1D2FB3F}.Debug|Any CPU.ActiveCfg = Debug
		{5B97F0B2-F15B-4465-BCF9-077BD1D2FB3F}.Release|Any CPU.ActiveCfg = Release
	EndGlobalSection
	GlobalSection(SolutionProperties) = preSolution
		HideSolutionNode = FALSE
	EndGlobalSection
	GlobalSection(ExtensibilityGlobals) = postSolution
		SolutionGuid = {1F3BF841-E77F-4E59-8A1B-26464826E954}
	EndGlobalSection
EndGlobal
